// !$*UTF8*$!
{
	archiveVersion = 1;
	classes = {
	};
	objectVersion = 77;
	objects = {

/* Begin PBXBuildFile section */
		040D6FB3EB3E1986507CCB23 /* FootballTowerCatalog.swift in Sources */ = {isa = PBXBuildFile; fileRef = 98E7509E1EA4A2B6D31BBC41 /* FootballTowerCatalog.swift */; };
		046B77DFB3F7062D4E4A64D2 /* DailyPuzzleDTO.swift in Sources */ = {isa = PBXBuildFile; fileRef = 76ABC613303DF1D8D61B741F /* DailyPuzzleDTO.swift */; };
		09984436B31A312F4DE55728 /* banner3.jpg in Resources */ = {isa = PBXBuildFile; fileRef = EC63ACE647181C83F3D6CFE3 /* banner3.jpg */; };
		0B5B987AADC8C8AA3EA9A987 /* FootballTowerSeed.swift in Sources */ = {isa = PBXBuildFile; fileRef = B6A9E509577D15428C9E65AC /* FootballTowerSeed.swift */; };
		11D7E72212B439B712EE3A58 /* FootballTowerModels.swift in Sources */ = {isa = PBXBuildFile; fileRef = AB1D794DAC4294F9E4AD39D4 /* FootballTowerModels.swift */; };
		122B4C6CD985D0A176790058 /* GuessWhoView.swift in Sources */ = {isa = PBXBuildFile; fileRef = 00FA2FB8FBFC91B16A7AB21C /* GuessWhoView.swift */; };
		17A34A02185961789C1749C0 /* FootballGolfSeed.swift in Sources */ = {isa = PBXBuildFile; fileRef = 4807D15DBF77303C84FFD495 /* FootballGolfSeed.swift */; };
		1CBF05E52D092BB0FC7666DD /* TeamBadge.swift in Sources */ = {isa = PBXBuildFile; fileRef = 74DBF3219468891E23C91877 /* TeamBadge.swift */; };
		1DE6B38A67939B16E33B77F5 /* PhIcons.xcassets in Resources */ = {isa = PBXBuildFile; fileRef = 551C9C4FE32FA9F6DE64D92B /* PhIcons.xcassets */; };
		25BC41EC32677FC16436E271 /* GameTiles in Resources */ = {isa = PBXBuildFile; fileRef = 3F9338EE6BEC06EBB52F7C4B /* GameTiles */; };
		B7C8D9E0F1A203142536B7C8 /* WinPics in Resources */ = {isa = PBXBuildFile; fileRef = B7C8D9E0F1A203142536B7C9 /* WinPics */; };
		2C2E4FD3C28ADA654EB3A632 /* DraftMasterSeed.swift in Sources */ = {isa = PBXBuildFile; fileRef = ACE83C9658DC7D466269FFDB /* DraftMasterSeed.swift */; };
		300BDF850D4652DB4197EAB4 /* FootballGolfAnswerSearch.swift in Sources */ = {isa = PBXBuildFile; fileRef = 063C23B3175425CDD31C5B43 /* FootballGolfAnswerSearch.swift */; };
		32B093D09D8FBEAC3648B7DB /* Assets.xcassets in Resources */ = {isa = PBXBuildFile; fileRef = B19529DDD217D25A59212833 /* Assets.xcassets */; };
		33782725898B9C7B89AD561E /* StatsModels.swift in Sources */ = {isa = PBXBuildFile; fileRef = 2B36E8D6474C28DEE4701C12 /* StatsModels.swift */; };
		36DE29FAF75E3A3B151A4F11 /* OneMoreView.swift in Sources */ = {isa = PBXBuildFile; fileRef = ECC1277434BC7792C1AA4BC5 /* OneMoreView.swift */; };
		374EADD57FF95C3F8EDAADB5 /* KeychainHelper.swift in Sources */ = {isa = PBXBuildFile; fileRef = 0216980CDB8628416CC8FED2 /* KeychainHelper.swift */; };
		3A0297A08B6E104DA7807595 /* DailyChallengeResolver.swift in Sources */ = {isa = PBXBuildFile; fileRef = BCD20AA2885C8CDFA96F2DB6 /* DailyChallengeResolver.swift */; };
		3A5E3F293E64A3CD52F3267A /* OneMoreModels.swift in Sources */ = {isa = PBXBuildFile; fileRef = 87D4683B0C6574234A9A73DF /* OneMoreModels.swift */; };
		3CC939A70E375FC3A822B18C /* ClubChainModels.swift in Sources */ = {isa = PBXBuildFile; fileRef = 978DCD9BA1FEAF828465ED08 /* ClubChainModels.swift */; };
		3DCF4DF8ED3E77A7617D6E76 /* banner4.jpg in Resources */ = {isa = PBXBuildFile; fileRef = 6C7A020B191EC97B4465D831 /* banner4.jpg */; };
		460647B5081D7FA601FE9917 /* FootballTowerView.swift in Sources */ = {isa = PBXBuildFile; fileRef = 19BE49785C49F03DC8047026 /* FootballTowerView.swift */; };
		4980EE26E470DD18DCCBE71A /* WorldCupXIView.swift in Sources */ = {isa = PBXBuildFile; fileRef = 6234BD25C3DA0E9E9BD2D58B /* WorldCupXIView.swift */; };
		563F83312F83D02738FBF404 /* FootballBingoView.swift in Sources */ = {isa = PBXBuildFile; fileRef = 45BE7B82FFB93547E2C0D73E /* FootballBingoView.swift */; };
		5BEE19F85576BD840CBA34BD /* GameModels.swift in Sources */ = {isa = PBXBuildFile; fileRef = 8014DDCB14BE89801F5278AA /* GameModels.swift */; };
		5EC83A87135A943A90837588 /* DraftMasterModels.swift in Sources */ = {isa = PBXBuildFile; fileRef = B9497FB431AA5C1D5BBB301C /* DraftMasterModels.swift */; };
		611DE24E9AB1CE22F13BACEA /* FootballGolfView.swift in Sources */ = {isa = PBXBuildFile; fileRef = 2788D368A9154DB9D526DD10 /* FootballGolfView.swift */; };
		6168F1E7E609660A0F9C2D57 /* FootballGolfModels.swift in Sources */ = {isa = PBXBuildFile; fileRef = 7F6C9BA15F9200256CCE247F /* FootballGolfModels.swift */; };
		63C4BE80B9CBB9248EC82A11 /* BKIcon.swift in Sources */ = {isa = PBXBuildFile; fileRef = 00D2E4A41FA0B0FA61A65D62 /* BKIcon.swift */; };
		6412EB60A91DD2A38FA57E1E /* GameXPBar.swift in Sources */ = {isa = PBXBuildFile; fileRef = BB28B85504538540F9184E18 /* GameXPBar.swift */; };
		6412EB60A91DD2A38FA57E1F /* GameResultExitBar.swift in Sources */ = {isa = PBXBuildFile; fileRef = BB28B85504538540F9184E19 /* GameResultExitBar.swift */; };
		663199DF8817713B6AC0881F /* LeagueBadge.swift in Sources */ = {isa = PBXBuildFile; fileRef = DE9A8C982B1DE1F9F4938104 /* LeagueBadge.swift */; };
		6BAB377EEC121B3792C5A625 /* FootballGolfMatcher.swift in Sources */ = {isa = PBXBuildFile; fileRef = 0B6E7E17C6B4D8DA0E8EF2DF /* FootballGolfMatcher.swift */; };
		7C5047652E40EF95CBED6746 /* APIModels.swift in Sources */ = {isa = PBXBuildFile; fileRef = 8AFBA05CCBDE605C50036267 /* APIModels.swift */; };
		7DEC678F67265F07FEA08B60 /* APIClient.swift in Sources */ = {isa = PBXBuildFile; fileRef = 38AA789FF4DE956F1A855448 /* APIClient.swift */; };
		88EB84ACFC9E37B94496D15C /* FootballConfettiView.swift in Sources */ = {isa = PBXBuildFile; fileRef = C0CE8481DD02104E19C347D4 /* FootballConfettiView.swift */; };
		A1B2C3D4E5F607182930A1B2 /* DailyCompleteCelebrationView.swift in Sources */ = {isa = PBXBuildFile; fileRef = A1B2C3D4E5F607182930A1B3 /* DailyCompleteCelebrationView.swift */; };
		8DFB5F6E7D036B5D0DB29D94 /* BallKnowledgeApp.swift in Sources */ = {isa = PBXBuildFile; fileRef = 439678CCB8A1C520BF7740D4 /* BallKnowledgeApp.swift */; };
		8ED7355BB202C63602F03672 /* OnboardingViews.swift in Sources */ = {isa = PBXBuildFile; fileRef = B5237449777A4A7CE0FE9EDE /* OnboardingViews.swift */; };
		9589745ED7B8042439D22F23 /* GameIntroView.swift in Sources */ = {isa = PBXBuildFile; fileRef = D39C02E1E442AD09EF1F2D15 /* GameIntroView.swift */; };
		97B7A592988DD02E168C095B /* AuthManager.swift in Sources */ = {isa = PBXBuildFile; fileRef = A36DF66C77EDAE47F240AEB4 /* AuthManager.swift */; };
		988F464045F91747F79679EB /* GameModeCatalog.swift in Sources */ = {isa = PBXBuildFile; fileRef = ECF087E8BC4A2736630E7F1C /* GameModeCatalog.swift */; };
		9FB86F0EEA7D92139B5A4E28 /* TargetManView.swift in Sources */ = {isa = PBXBuildFile; fileRef = 68FA75A0F34C332CA2C9D571 /* TargetManView.swift */; };
		A0DE9140F90AC3DC171E6D59 /* FootballBingoModels.swift in Sources */ = {isa = PBXBuildFile; fileRef = 037F594EC5D10F8641A796B6 /* FootballBingoModels.swift */; };
		A49D0D55AE15A06620BDC53F /* GameModeTileArt.swift in Sources */ = {isa = PBXBuildFile; fileRef = 5D542F3A1E78B1A8DE581802 /* GameModeTileArt.swift */; };
		ABDD48D48503674D7C41C659 /* SignInWithAppleButtonView.swift in Sources */ = {isa = PBXBuildFile; fileRef = 036F482A24B4400B6DDAC4B6 /* SignInWithAppleButtonView.swift */; };
		ACDCCE9CDEB23BF6D140099A /* PromptDisplay.swift in Sources */ = {isa = PBXBuildFile; fileRef = 1DDFECF1547625C7E00D6196 /* PromptDisplay.swift */; };
		B924B06F7D0D5B7D15D25C70 /* Theme.swift in Sources */ = {isa = PBXBuildFile; fileRef = 7CD6B099FC77A179B81960DA /* Theme.swift */; };
		BB89EF3C12F7ECD4664288E9 /* FootballBingoMatcher.swift in Sources */ = {isa = PBXBuildFile; fileRef = AB7B4131BDF1A75A567731AA /* FootballBingoMatcher.swift */; };
		BE083A2C33245336AD9A486F /* TargetManStats.swift in Sources */ = {isa = PBXBuildFile; fileRef = D61D50E84ABC773CA41236A2 /* TargetManStats.swift */; };
		BF9E576268EC79E948A135A8 /* OneMoreSeed.swift in Sources */ = {isa = PBXBuildFile; fileRef = E36181E830587EC21B5EC0E7 /* OneMoreSeed.swift */; };
		C2224733B19EFB773D885A93 /* MainTabView.swift in Sources */ = {isa = PBXBuildFile; fileRef = 88849D75752EA27739D8CDE3 /* MainTabView.swift */; };
		C4F799AF15D7E8C7423B5C7D /* Config.swift in Sources */ = {isa = PBXBuildFile; fileRef = E62FFD919FC09C94AE3A9876 /* Config.swift */; };
		C600591ACCD2B5B264289204 /* BKPh.swift in Sources */ = {isa = PBXBuildFile; fileRef = 33FD3A905CCD948AC33FB070 /* BKPh.swift */; };
		C72E8932256B8B2315ADDBA4 /* GameEngine.swift in Sources */ = {isa = PBXBuildFile; fileRef = 28C709EF976C20D67984569C /* GameEngine.swift */; };
		C927815C9E77FFA83343967F /* DraftMasterView.swift in Sources */ = {isa = PBXBuildFile; fileRef = 6C1F2FB4327F0A5F5EDB1112 /* DraftMasterView.swift */; };
		C9E7369241E3ADDCFCDBCE5E /* OfflineCache.swift in Sources */ = {isa = PBXBuildFile; fileRef = 1F7AFAC6E26C393F2F557705 /* OfflineCache.swift */; };
		D1845DBFB516FA59F5B1FBD8 /* HomeAmbientBackground.swift in Sources */ = {isa = PBXBuildFile; fileRef = 70D1CEEFE728DDF0608756A7 /* HomeAmbientBackground.swift */; };
		D739FC3B559DF3DFC1116CE0 /* PlayerSearchResultsList.swift in Sources */ = {isa = PBXBuildFile; fileRef = 9764E36265E687FB154CB2F7 /* PlayerSearchResultsList.swift */; };
		D75B501F091CEFAC1224915A /* HomeView.swift in Sources */ = {isa = PBXBuildFile; fileRef = 932DE25228164846B41BF22F /* HomeView.swift */; };
		D8CDBBA6E930D2F41717C04E /* TargetManModels.swift in Sources */ = {isa = PBXBuildFile; fileRef = 1D508783416F037C0979FF52 /* TargetManModels.swift */; };
		D9668C81EED41FE8953CAEF6 /* BlindRankModels.swift in Sources */ = {isa = PBXBuildFile; fileRef = 367D84D89C2E593BFB8289AF /* BlindRankModels.swift */; };
		DF8AC3C3325928807A114128 /* ClubChainView.swift in Sources */ = {isa = PBXBuildFile; fileRef = 2284C0B9457F19355164650E /* ClubChainView.swift */; };
		E7A1B2C3D4E5F601010101 /* LastManStandingModels.swift in Sources */ = {isa = PBXBuildFile; fileRef = E7A1B2C3D4E5F602010101 /* LastManStandingModels.swift */; };
		E7A1B2C3D4E5F601010102 /* LastManStandingSurvivorField.swift in Sources */ = {isa = PBXBuildFile; fileRef = E7A1B2C3D4E5F602010102 /* LastManStandingSurvivorField.swift */; };
		E7A1B2C3D4E5F601010103 /* LastManStandingView.swift in Sources */ = {isa = PBXBuildFile; fileRef = E7A1B2C3D4E5F602010103 /* LastManStandingView.swift */; };
		E7A1B2C3D4E5F601010104 /* LastManStandingSeed.swift in Sources */ = {isa = PBXBuildFile; fileRef = E7A1B2C3D4E5F602010104 /* LastManStandingSeed.swift */; };
		E7A1B2C3D4E5F601010105 /* LastManStandingQuestionCard.swift in Sources */ = {isa = PBXBuildFile; fileRef = E7A1B2C3D4E5F602010105 /* LastManStandingQuestionCard.swift */; };
		E7A1B2C3D4E5F601010106 /* LMSVisualStyle.swift in Sources */ = {isa = PBXBuildFile; fileRef = E7A1B2C3D4E5F602010106 /* LMSVisualStyle.swift */; };
		E7A1B2C3D4E5F601010107 /* DailyDate.swift in Sources */ = {isa = PBXBuildFile; fileRef = E7A1B2C3D4E5F602010107 /* DailyDate.swift */; };
		EE6672A880D715EB249E491C /* BlindRankView.swift in Sources */ = {isa = PBXBuildFile; fileRef = EF8E55ABF47595B1A2EF4C43 /* BlindRankView.swift */; };
		FA6776AED5C7DA3C6291EA66 /* WorldCupXIModels.swift in Sources */ = {isa = PBXBuildFile; fileRef = FB738E61FA78C25E6A33B47F /* WorldCupXIModels.swift */; };
		FEEF00D3BDD7648A935B071D /* FootballBingoSeed.swift in Sources */ = {isa = PBXBuildFile; fileRef = 6B42BB208E7E01B1BD110962 /* FootballBingoSeed.swift */; };
/* End PBXBuildFile section */

/* Begin PBXFileReference section */
		00D2E4A41FA0B0FA61A65D62 /* BKIcon.swift */ = {isa = PBXFileReference; lastKnownFileType = sourcecode.swift; path = BKIcon.swift; sourceTree = "<group>"; };
		00FA2FB8FBFC91B16A7AB21C /* GuessWhoView.swift */ = {isa = PBXFileReference; lastKnownFileType = sourcecode.swift; path = GuessWhoView.swift; sourceTree = "<group>"; };
		0216980CDB8628416CC8FED2 /* KeychainHelper.swift */ = {isa = PBXFileReference; lastKnownFileType = sourcecode.swift; path = KeychainHelper.swift; sourceTree = "<group>"; };
		036F482A24B4400B6DDAC4B6 /* SignInWithAppleButtonView.swift */ = {isa = PBXFileReference; lastKnownFileType = sourcecode.swift; path = SignInWithAppleButtonView.swift; sourceTree = "<group>"; };
		037F594EC5D10F8641A796B6 /* FootballBingoModels.swift */ = {isa = PBXFileReference; lastKnownFileType = sourcecode.swift; path = FootballBingoModels.swift; sourceTree = "<group>"; };
		063C23B3175425CDD31C5B43 /* FootballGolfAnswerSearch.swift */ = {isa = PBXFileReference; lastKnownFileType = sourcecode.swift; path = FootballGolfAnswerSearch.swift; sourceTree = "<group>"; };
		0B6E7E17C6B4D8DA0E8EF2DF /* FootballGolfMatcher.swift */ = {isa = PBXFileReference; lastKnownFileType = sourcecode.swift; path = FootballGolfMatcher.swift; sourceTree = "<group>"; };
		19BE49785C49F03DC8047026 /* FootballTowerView.swift */ = {isa = PBXFileReference; lastKnownFileType = sourcecode.swift; path = FootballTowerView.swift; sourceTree = "<group>"; };
		1D508783416F037C0979FF52 /* TargetManModels.swift */ = {isa = PBXFileReference; lastKnownFileType = sourcecode.swift; path = TargetManModels.swift; sourceTree = "<group>"; };
		1DDFECF1547625C7E00D6196 /* PromptDisplay.swift */ = {isa = PBXFileReference; lastKnownFileType = sourcecode.swift; path = PromptDisplay.swift; sourceTree = "<group>"; };
		1F7AFAC6E26C393F2F557705 /* OfflineCache.swift */ = {isa = PBXFileReference; lastKnownFileType = sourcecode.swift; path = OfflineCache.swift; sourceTree = "<group>"; };
		2284C0B9457F19355164650E /* ClubChainView.swift */ = {isa = PBXFileReference; lastKnownFileType = sourcecode.swift; path = ClubChainView.swift; sourceTree = "<group>"; };
		E7A1B2C3D4E5F602010101 /* LastManStandingModels.swift */ = {isa = PBXFileReference; lastKnownFileType = sourcecode.swift; path = LastManStandingModels.swift; sourceTree = "<group>"; };
		E7A1B2C3D4E5F602010102 /* LastManStandingSurvivorField.swift */ = {isa = PBXFileReference; lastKnownFileType = sourcecode.swift; path = LastManStandingSurvivorField.swift; sourceTree = "<group>"; };
		E7A1B2C3D4E5F602010103 /* LastManStandingView.swift */ = {isa = PBXFileReference; lastKnownFileType = sourcecode.swift; path = LastManStandingView.swift; sourceTree = "<group>"; };
		E7A1B2C3D4E5F602010104 /* LastManStandingSeed.swift */ = {isa = PBXFileReference; lastKnownFileType = sourcecode.swift; path = LastManStandingSeed.swift; sourceTree = "<group>"; };
		E7A1B2C3D4E5F602010105 /* LastManStandingQuestionCard.swift */ = {isa = PBXFileReference; lastKnownFileType = sourcecode.swift; path = LastManStandingQuestionCard.swift; sourceTree = "<group>"; };
		E7A1B2C3D4E5F602010106 /* LMSVisualStyle.swift */ = {isa = PBXFileReference; lastKnownFileType = sourcecode.swift; path = LMSVisualStyle.swift; sourceTree = "<group>"; };
		E7A1B2C3D4E5F602010107 /* DailyDate.swift */ = {isa = PBXFileReference; lastKnownFileType = sourcecode.swift; path = DailyDate.swift; sourceTree = "<group>"; };
		2788D368A9154DB9D526DD10 /* FootballGolfView.swift */ = {isa = PBXFileReference; lastKnownFileType = sourcecode.swift; path = FootballGolfView.swift; sourceTree = "<group>"; };
		28C709EF976C20D67984569C /* GameEngine.swift */ = {isa = PBXFileReference; lastKnownFileType = sourcecode.swift; path = GameEngine.swift; sourceTree = "<group>"; };
		2B36E8D6474C28DEE4701C12 /* StatsModels.swift */ = {isa = PBXFileReference; lastKnownFileType = sourcecode.swift; path = StatsModels.swift; sourceTree = "<group>"; };
		33FD3A905CCD948AC33FB070 /* BKPh.swift */ = {isa = PBXFileReference; lastKnownFileType = sourcecode.swift; path = BKPh.swift; sourceTree = "<group>"; };
		367D84D89C2E593BFB8289AF /* BlindRankModels.swift */ = {isa = PBXFileReference; lastKnownFileType = sourcecode.swift; path = BlindRankModels.swift; sourceTree = "<group>"; };
		38AA789FF4DE956F1A855448 /* APIClient.swift */ = {isa = PBXFileReference; lastKnownFileType = sourcecode.swift; path = APIClient.swift; sourceTree = "<group>"; };
		3F9338EE6BEC06EBB52F7C4B /* GameTiles */ = {isa = PBXFileReference; lastKnownFileType = folder; name = GameTiles; path = BallKnowledge/Resources/GameTiles; sourceTree = SOURCE_ROOT; };
		B7C8D9E0F1A203142536B7C9 /* WinPics */ = {isa = PBXFileReference; lastKnownFileType = folder; name = WinPics; path = BallKnowledge/Resources/WinPics; sourceTree = SOURCE_ROOT; };
		439678CCB8A1C520BF7740D4 /* BallKnowledgeApp.swift */ = {isa = PBXFileReference; lastKnownFileType = sourcecode.swift; path = BallKnowledgeApp.swift; sourceTree = "<group>"; };
		45BE7B82FFB93547E2C0D73E /* FootballBingoView.swift */ = {isa = PBXFileReference; lastKnownFileType = sourcecode.swift; path = FootballBingoView.swift; sourceTree = "<group>"; };
		4807D15DBF77303C84FFD495 /* FootballGolfSeed.swift */ = {isa = PBXFileReference; lastKnownFileType = sourcecode.swift; path = FootballGolfSeed.swift; sourceTree = "<group>"; };
		551C9C4FE32FA9F6DE64D92B /* PhIcons.xcassets */ = {isa = PBXFileReference; lastKnownFileType = folder.assetcatalog; path = PhIcons.xcassets; sourceTree = "<group>"; };
		5D542F3A1E78B1A8DE581802 /* GameModeTileArt.swift */ = {isa = PBXFileReference; lastKnownFileType = sourcecode.swift; path = GameModeTileArt.swift; sourceTree = "<group>"; };
		6234BD25C3DA0E9E9BD2D58B /* WorldCupXIView.swift */ = {isa = PBXFileReference; lastKnownFileType = sourcecode.swift; path = WorldCupXIView.swift; sourceTree = "<group>"; };
		68FA75A0F34C332CA2C9D571 /* TargetManView.swift */ = {isa = PBXFileReference; lastKnownFileType = sourcecode.swift; path = TargetManView.swift; sourceTree = "<group>"; };
		6B42BB208E7E01B1BD110962 /* FootballBingoSeed.swift */ = {isa = PBXFileReference; lastKnownFileType = sourcecode.swift; path = FootballBingoSeed.swift; sourceTree = "<group>"; };
		6C1F2FB4327F0A5F5EDB1112 /* DraftMasterView.swift */ = {isa = PBXFileReference; lastKnownFileType = sourcecode.swift; path = DraftMasterView.swift; sourceTree = "<group>"; };
		6C7A020B191EC97B4465D831 /* banner4.jpg */ = {isa = PBXFileReference; lastKnownFileType = image.jpeg; path = banner4.jpg; sourceTree = "<group>"; };
		70D1CEEFE728DDF0608756A7 /* HomeAmbientBackground.swift */ = {isa = PBXFileReference; lastKnownFileType = sourcecode.swift; path = HomeAmbientBackground.swift; sourceTree = "<group>"; };
		74DBF3219468891E23C91877 /* TeamBadge.swift */ = {isa = PBXFileReference; lastKnownFileType = sourcecode.swift; path = TeamBadge.swift; sourceTree = "<group>"; };
		76ABC613303DF1D8D61B741F /* DailyPuzzleDTO.swift */ = {isa = PBXFileReference; lastKnownFileType = sourcecode.swift; path = DailyPuzzleDTO.swift; sourceTree = "<group>"; };
		7CD6B099FC77A179B81960DA /* Theme.swift */ = {isa = PBXFileReference; lastKnownFileType = sourcecode.swift; path = Theme.swift; sourceTree = "<group>"; };
		7F6C9BA15F9200256CCE247F /* FootballGolfModels.swift */ = {isa = PBXFileReference; lastKnownFileType = sourcecode.swift; path = FootballGolfModels.swift; sourceTree = "<group>"; };
		8014DDCB14BE89801F5278AA /* GameModels.swift */ = {isa = PBXFileReference; lastKnownFileType = sourcecode.swift; path = GameModels.swift; sourceTree = "<group>"; };
		87D4683B0C6574234A9A73DF /* OneMoreModels.swift */ = {isa = PBXFileReference; lastKnownFileType = sourcecode.swift; path = OneMoreModels.swift; sourceTree = "<group>"; };
		88849D75752EA27739D8CDE3 /* MainTabView.swift */ = {isa = PBXFileReference; lastKnownFileType = sourcecode.swift; path = MainTabView.swift; sourceTree = "<group>"; };
		8AFBA05CCBDE605C50036267 /* APIModels.swift */ = {isa = PBXFileReference; lastKnownFileType = sourcecode.swift; path = APIModels.swift; sourceTree = "<group>"; };
		932DE25228164846B41BF22F /* HomeView.swift */ = {isa = PBXFileReference; lastKnownFileType = sourcecode.swift; path = HomeView.swift; sourceTree = "<group>"; };
		A1B2C3D4E5F607182930A1B3 /* DailyCompleteCelebrationView.swift */ = {isa = PBXFileReference; lastKnownFileType = sourcecode.swift; path = DailyCompleteCelebrationView.swift; sourceTree = "<group>"; };
		9475EA8DDA597CE44BCD022E /* BallKnowledge.entitlements */ = {isa = PBXFileReference; lastKnownFileType = text.plist.entitlements; path = BallKnowledge.entitlements; sourceTree = "<group>"; };
		9764E36265E687FB154CB2F7 /* PlayerSearchResultsList.swift */ = {isa = PBXFileReference; lastKnownFileType = sourcecode.swift; path = PlayerSearchResultsList.swift; sourceTree = "<group>"; };
		978DCD9BA1FEAF828465ED08 /* ClubChainModels.swift */ = {isa = PBXFileReference; lastKnownFileType = sourcecode.swift; path = ClubChainModels.swift; sourceTree = "<group>"; };
		98E7509E1EA4A2B6D31BBC41 /* FootballTowerCatalog.swift */ = {isa = PBXFileReference; lastKnownFileType = sourcecode.swift; path = FootballTowerCatalog.swift; sourceTree = "<group>"; };
		A36DF66C77EDAE47F240AEB4 /* AuthManager.swift */ = {isa = PBXFileReference; lastKnownFileType = sourcecode.swift; path = AuthManager.swift; sourceTree = "<group>"; };
		AB1D794DAC4294F9E4AD39D4 /* FootballTowerModels.swift */ = {isa = PBXFileReference; lastKnownFileType = sourcecode.swift; path = FootballTowerModels.swift; sourceTree = "<group>"; };
		AB7B4131BDF1A75A567731AA /* FootballBingoMatcher.swift */ = {isa = PBXFileReference; lastKnownFileType = sourcecode.swift; path = FootballBingoMatcher.swift; sourceTree = "<group>"; };
		ACE83C9658DC7D466269FFDB /* DraftMasterSeed.swift */ = {isa = PBXFileReference; lastKnownFileType = sourcecode.swift; path = DraftMasterSeed.swift; sourceTree = "<group>"; };
		B19529DDD217D25A59212833 /* Assets.xcassets */ = {isa = PBXFileReference; lastKnownFileType = folder.assetcatalog; path = Assets.xcassets; sourceTree = "<group>"; };
		B36B0A9729829ABDE08B911C /* BallKnowledge.app */ = {isa = PBXFileReference; explicitFileType = wrapper.application; includeInIndex = 0; path = BallKnowledge.app; sourceTree = BUILT_PRODUCTS_DIR; };
		B5237449777A4A7CE0FE9EDE /* OnboardingViews.swift */ = {isa = PBXFileReference; lastKnownFileType = sourcecode.swift; path = OnboardingViews.swift; sourceTree = "<group>"; };
		B6A9E509577D15428C9E65AC /* FootballTowerSeed.swift */ = {isa = PBXFileReference; lastKnownFileType = sourcecode.swift; path = FootballTowerSeed.swift; sourceTree = "<group>"; };
		B9497FB431AA5C1D5BBB301C /* DraftMasterModels.swift */ = {isa = PBXFileReference; lastKnownFileType = sourcecode.swift; path = DraftMasterModels.swift; sourceTree = "<group>"; };
		BB28B85504538540F9184E18 /* GameXPBar.swift */ = {isa = PBXFileReference; lastKnownFileType = sourcecode.swift; path = GameXPBar.swift; sourceTree = "<group>"; };
		BB28B85504538540F9184E19 /* GameResultExitBar.swift */ = {isa = PBXFileReference; lastKnownFileType = sourcecode.swift; path = GameResultExitBar.swift; sourceTree = "<group>"; };
		BCD20AA2885C8CDFA96F2DB6 /* DailyChallengeResolver.swift */ = {isa = PBXFileReference; lastKnownFileType = sourcecode.swift; path = DailyChallengeResolver.swift; sourceTree = "<group>"; };
		C0CE8481DD02104E19C347D4 /* FootballConfettiView.swift */ = {isa = PBXFileReference; lastKnownFileType = sourcecode.swift; path = FootballConfettiView.swift; sourceTree = "<group>"; };
		D39C02E1E442AD09EF1F2D15 /* GameIntroView.swift */ = {isa = PBXFileReference; lastKnownFileType = sourcecode.swift; path = GameIntroView.swift; sourceTree = "<group>"; };
		D61D50E84ABC773CA41236A2 /* TargetManStats.swift */ = {isa = PBXFileReference; lastKnownFileType = sourcecode.swift; path = TargetManStats.swift; sourceTree = "<group>"; };
		DE9A8C982B1DE1F9F4938104 /* LeagueBadge.swift */ = {isa = PBXFileReference; lastKnownFileType = sourcecode.swift; path = LeagueBadge.swift; sourceTree = "<group>"; };
		E36181E830587EC21B5EC0E7 /* OneMoreSeed.swift */ = {isa = PBXFileReference; lastKnownFileType = sourcecode.swift; path = OneMoreSeed.swift; sourceTree = "<group>"; };
		E62FFD919FC09C94AE3A9876 /* Config.swift */ = {isa = PBXFileReference; lastKnownFileType = sourcecode.swift; path = Config.swift; sourceTree = "<group>"; };
		EC63ACE647181C83F3D6CFE3 /* banner3.jpg */ = {isa = PBXFileReference; lastKnownFileType = image.jpeg; path = banner3.jpg; sourceTree = "<group>"; };
		ECC1277434BC7792C1AA4BC5 /* OneMoreView.swift */ = {isa = PBXFileReference; lastKnownFileType = sourcecode.swift; path = OneMoreView.swift; sourceTree = "<group>"; };
		ECF087E8BC4A2736630E7F1C /* GameModeCatalog.swift */ = {isa = PBXFileReference; lastKnownFileType = sourcecode.swift; path = GameModeCatalog.swift; sourceTree = "<group>"; };
		EF8E55ABF47595B1A2EF4C43 /* BlindRankView.swift */ = {isa = PBXFileReference; lastKnownFileType = sourcecode.swift; path = BlindRankView.swift; sourceTree = "<group>"; };
		FB738E61FA78C25E6A33B47F /* WorldCupXIModels.swift */ = {isa = PBXFileReference; lastKnownFileType = sourcecode.swift; path = WorldCupXIModels.swift; sourceTree = "<group>"; };
/* End PBXFileReference section */

/* Begin PBXGroup section */
		0117912D8B495DD1002E5FB7 /* Data */ = {
			isa = PBXGroup;
			children = (
				38AA789FF4DE956F1A855448 /* APIClient.swift */,
				8AFBA05CCBDE605C50036267 /* APIModels.swift */,
				76ABC613303DF1D8D61B741F /* DailyPuzzleDTO.swift */,
				0216980CDB8628416CC8FED2 /* KeychainHelper.swift */,
				1F7AFAC6E26C393F2F557705 /* OfflineCache.swift */,
				2B36E8D6474C28DEE4701C12 /* StatsModels.swift */,
			);
			path = Data;
			sourceTree = "<group>";
		};
		11FB6F86D341AF8C639D122C /* Games */ = {
			isa = PBXGroup;
			children = (
				D39C02E1E442AD09EF1F2D15 /* GameIntroView.swift */,
				EFFB69CC923F7C592BB79AD8 /* BlindRank */,
				FEBB8F19CAC1A772B0F84A5E /* ClubChain */,
				E7A1B2C3D4E5F603010101 /* LastManStanding */,
				E4129D0FF790D09F713B2014 /* DraftMaster */,
				8B0F3EA650B4B306DA2C5004 /* FootballBingo */,
				FECFF22A9C377B341202B169 /* FootballGolf */,
				60FE72FDA7CB548FDA73A4E6 /* FootballTower */,
				77CDD48544B639D55774D533 /* GuessWho */,
				5A31844CDE5F944A1D13D7C9 /* OneMore */,
				8B3FBBBC289051A5FC63EFF8 /* TargetMan */,
				FE04B7670BFADCD5359FE4A9 /* WorldCupXI */,
			);
			path = Games;
			sourceTree = "<group>";
		};
		13DE0354C71FA88B0F60094E /* DesignSystem */ = {
			isa = PBXGroup;
			children = (
				00D2E4A41FA0B0FA61A65D62 /* BKIcon.swift */,
				33FD3A905CCD948AC33FB070 /* BKPh.swift */,
				C0CE8481DD02104E19C347D4 /* FootballConfettiView.swift */,
				5D542F3A1E78B1A8DE581802 /* GameModeTileArt.swift */,
				BB28B85504538540F9184E18 /* GameXPBar.swift */,
				BB28B85504538540F9184E19 /* GameResultExitBar.swift */,
				70D1CEEFE728DDF0608756A7 /* HomeAmbientBackground.swift */,
				DE9A8C982B1DE1F9F4938104 /* LeagueBadge.swift */,
				9764E36265E687FB154CB2F7 /* PlayerSearchResultsList.swift */,
				1DDFECF1547625C7E00D6196 /* PromptDisplay.swift */,
				74DBF3219468891E23C91877 /* TeamBadge.swift */,
				7CD6B099FC77A179B81960DA /* Theme.swift */,
			);
			path = DesignSystem;
			sourceTree = "<group>";
		};
		1DB26DC72839C5053F9B18D9 /* Features */ = {
			isa = PBXGroup;
			children = (
				88849D75752EA27739D8CDE3 /* MainTabView.swift */,
				640B05B6A43051CF7B08ACF7 /* Auth */,
				11FB6F86D341AF8C639D122C /* Games */,
				E2BA3A30654820196186D7A6 /* Home */,
				5EDF564B7C28AD453B363F0B /* Onboarding */,
			);
			path = Features;
			sourceTree = "<group>";
		};
		4CEBBF234F87E6CC9FDAC385 = {
			isa = PBXGroup;
			children = (
				CEA414E9157ADAD56A00BF5D /* BallKnowledge */,
				C04E79529F8D8052BD1DC7A4 /* Products */,
			);
			sourceTree = "<group>";
		};
		5A31844CDE5F944A1D13D7C9 /* OneMore */ = {
			isa = PBXGroup;
			children = (
				ECC1277434BC7792C1AA4BC5 /* OneMoreView.swift */,
			);
			path = OneMore;
			sourceTree = "<group>";
		};
		5EDF564B7C28AD453B363F0B /* Onboarding */ = {
			isa = PBXGroup;
			children = (
				B5237449777A4A7CE0FE9EDE /* OnboardingViews.swift */,
			);
			path = Onboarding;
			sourceTree = "<group>";
		};
		60FE72FDA7CB548FDA73A4E6 /* FootballTower */ = {
			isa = PBXGroup;
			children = (
				19BE49785C49F03DC8047026 /* FootballTowerView.swift */,
			);
			path = FootballTower;
			sourceTree = "<group>";
		};
		640B05B6A43051CF7B08ACF7 /* Auth */ = {
			isa = PBXGroup;
			children = (
				A36DF66C77EDAE47F240AEB4 /* AuthManager.swift */,
				036F482A24B4400B6DDAC4B6 /* SignInWithAppleButtonView.swift */,
			);
			path = Auth;
			sourceTree = "<group>";
		};
		77CDD48544B639D55774D533 /* GuessWho */ = {
			isa = PBXGroup;
			children = (
				00FA2FB8FBFC91B16A7AB21C /* GuessWhoView.swift */,
			);
			path = GuessWho;
			sourceTree = "<group>";
		};
		839217495DB709F2EB6251B0 /* Domain */ = {
			isa = PBXGroup;
			children = (
				367D84D89C2E593BFB8289AF /* BlindRankModels.swift */,
				978DCD9BA1FEAF828465ED08 /* ClubChainModels.swift */,
				BCD20AA2885C8CDFA96F2DB6 /* DailyChallengeResolver.swift */,
				B9497FB431AA5C1D5BBB301C /* DraftMasterModels.swift */,
				ACE83C9658DC7D466269FFDB /* DraftMasterSeed.swift */,
				AB7B4131BDF1A75A567731AA /* FootballBingoMatcher.swift */,
				037F594EC5D10F8641A796B6 /* FootballBingoModels.swift */,
				6B42BB208E7E01B1BD110962 /* FootballBingoSeed.swift */,
				063C23B3175425CDD31C5B43 /* FootballGolfAnswerSearch.swift */,
				0B6E7E17C6B4D8DA0E8EF2DF /* FootballGolfMatcher.swift */,
				7F6C9BA15F9200256CCE247F /* FootballGolfModels.swift */,
				4807D15DBF77303C84FFD495 /* FootballGolfSeed.swift */,
				98E7509E1EA4A2B6D31BBC41 /* FootballTowerCatalog.swift */,
				AB1D794DAC4294F9E4AD39D4 /* FootballTowerModels.swift */,
				B6A9E509577D15428C9E65AC /* FootballTowerSeed.swift */,
				28C709EF976C20D67984569C /* GameEngine.swift */,
				ECF087E8BC4A2736630E7F1C /* GameModeCatalog.swift */,
				8014DDCB14BE89801F5278AA /* GameModels.swift */,
				E7A1B2C3D4E5F602010107 /* DailyDate.swift */,
				87D4683B0C6574234A9A73DF /* OneMoreModels.swift */,
				E36181E830587EC21B5EC0E7 /* OneMoreSeed.swift */,
				E7A1B2C3D4E5F602010104 /* LastManStandingSeed.swift */,
				1D508783416F037C0979FF52 /* TargetManModels.swift */,
				D61D50E84ABC773CA41236A2 /* TargetManStats.swift */,
				FB738E61FA78C25E6A33B47F /* WorldCupXIModels.swift */,
			);
			path = Domain;
			sourceTree = "<group>";
		};
		8581FF6AD12DF6E7F4E66117 /* Resources */ = {
			isa = PBXGroup;
			children = (
				EC63ACE647181C83F3D6CFE3 /* banner3.jpg */,
				6C7A020B191EC97B4465D831 /* banner4.jpg */,
				3F9338EE6BEC06EBB52F7C4B /* GameTiles */,
			);
			path = Resources;
			sourceTree = "<group>";
		};
		8B0F3EA650B4B306DA2C5004 /* FootballBingo */ = {
			isa = PBXGroup;
			children = (
				45BE7B82FFB93547E2C0D73E /* FootballBingoView.swift */,
			);
			path = FootballBingo;
			sourceTree = "<group>";
		};
		8B3FBBBC289051A5FC63EFF8 /* TargetMan */ = {
			isa = PBXGroup;
			children = (
				68FA75A0F34C332CA2C9D571 /* TargetManView.swift */,
			);
			path = TargetMan;
			sourceTree = "<group>";
		};
		C04E79529F8D8052BD1DC7A4 /* Products */ = {
			isa = PBXGroup;
			children = (
				B36B0A9729829ABDE08B911C /* BallKnowledge.app */,
			);
			name = Products;
			sourceTree = "<group>";
		};
		CEA414E9157ADAD56A00BF5D /* BallKnowledge */ = {
			isa = PBXGroup;
			children = (
				B19529DDD217D25A59212833 /* Assets.xcassets */,
				9475EA8DDA597CE44BCD022E /* BallKnowledge.entitlements */,
				551C9C4FE32FA9F6DE64D92B /* PhIcons.xcassets */,
				E0130D100147F8D722A77AAB /* App */,
				0117912D8B495DD1002E5FB7 /* Data */,
				13DE0354C71FA88B0F60094E /* DesignSystem */,
				839217495DB709F2EB6251B0 /* Domain */,
				1DB26DC72839C5053F9B18D9 /* Features */,
				8581FF6AD12DF6E7F4E66117 /* Resources */,
			);
			path = BallKnowledge;
			sourceTree = "<group>";
		};
		E0130D100147F8D722A77AAB /* App */ = {
			isa = PBXGroup;
			children = (
				439678CCB8A1C520BF7740D4 /* BallKnowledgeApp.swift */,
				E62FFD919FC09C94AE3A9876 /* Config.swift */,
			);
			path = App;
			sourceTree = "<group>";
		};
		E2BA3A30654820196186D7A6 /* Home */ = {
			isa = PBXGroup;
			children = (
				A1B2C3D4E5F607182930A1B3 /* DailyCompleteCelebrationView.swift */,
				932DE25228164846B41BF22F /* HomeView.swift */,
			);
			path = Home;
			sourceTree = "<group>";
		};
		E4129D0FF790D09F713B2014 /* DraftMaster */ = {
			isa = PBXGroup;
			children = (
				6C1F2FB4327F0A5F5EDB1112 /* DraftMasterView.swift */,
			);
			path = DraftMaster;
			sourceTree = "<group>";
		};
		EFFB69CC923F7C592BB79AD8 /* BlindRank */ = {
			isa = PBXGroup;
			children = (
				EF8E55ABF47595B1A2EF4C43 /* BlindRankView.swift */,
			);
			path = BlindRank;
			sourceTree = "<group>";
		};
		FE04B7670BFADCD5359FE4A9 /* WorldCupXI */ = {
			isa = PBXGroup;
			children = (
				6234BD25C3DA0E9E9BD2D58B /* WorldCupXIView.swift */,
			);
			path = WorldCupXI;
			sourceTree = "<group>";
		};
		FEBB8F19CAC1A772B0F84A5E /* ClubChain */ = {
			isa = PBXGroup;
			children = (
				2284C0B9457F19355164650E /* ClubChainView.swift */,
			);
			path = ClubChain;
			sourceTree = "<group>";
		};
		E7A1B2C3D4E5F603010101 /* LastManStanding */ = {
			isa = PBXGroup;
			children = (
				E7A1B2C3D4E5F602010101 /* LastManStandingModels.swift */,
				E7A1B2C3D4E5F602010102 /* LastManStandingSurvivorField.swift */,
				E7A1B2C3D4E5F602010103 /* LastManStandingView.swift */,
				E7A1B2C3D4E5F602010105 /* LastManStandingQuestionCard.swift */,
				E7A1B2C3D4E5F602010106 /* LMSVisualStyle.swift */,
			);
			path = LastManStanding;
			sourceTree = "<group>";
		};
		FECFF22A9C377B341202B169 /* FootballGolf */ = {
			isa = PBXGroup;
			children = (
				2788D368A9154DB9D526DD10 /* FootballGolfView.swift */,
			);
			path = FootballGolf;
			sourceTree = "<group>";
		};
/* End PBXGroup section */

/* Begin PBXNativeTarget section */
		9608E09CD83F57BFB3D46AE3 /* BallKnowledge */ = {
			isa = PBXNativeTarget;
			buildConfigurationList = 07B82F01505FF49B3DBCDEE2 /* Build configuration list for PBXNativeTarget "BallKnowledge" */;
			buildPhases = (
				2EEC794CCA91532AB4917755 /* Sources */,
				EC9E062A6E58521A5A8356F0 /* Resources */,
			);
			buildRules = (
			);
			dependencies = (
			);
			name = BallKnowledge;
			packageProductDependencies = (
			);
			productName = BallKnowledge;
			productReference = B36B0A9729829ABDE08B911C /* BallKnowledge.app */;
			productType = "com.apple.product-type.application";
		};
/* End PBXNativeTarget section */

/* Begin PBXProject section */
		202D85DC5AC88BDB8251C3F3 /* Project object */ = {
			isa = PBXProject;
			attributes = {
				BuildIndependentTargetsInParallel = YES;
				LastUpgradeCheck = 1600;
			};
			buildConfigurationList = 476ECE76F82A3F53BBD7EB91 /* Build configuration list for PBXProject "BallKnowledge" */;
			developmentRegion = en;
			hasScannedForEncodings = 0;
			knownRegions = (
				Base,
				en,
			);
			mainGroup = 4CEBBF234F87E6CC9FDAC385;
			minimizedProjectReferenceProxies = 1;
			preferredProjectObjectVersion = 77;
			productRefGroup = C04E79529F8D8052BD1DC7A4 /* Products */;
			projectDirPath = "";
			projectRoot = "";
			targets = (
				9608E09CD83F57BFB3D46AE3 /* BallKnowledge */,
			);
		};
/* End PBXProject section */

/* Begin PBXResourcesBuildPhase section */
		EC9E062A6E58521A5A8356F0 /* Resources */ = {
			isa = PBXResourcesBuildPhase;
			buildActionMask = 2147483647;
			files = (
				32B093D09D8FBEAC3648B7DB /* Assets.xcassets in Resources */,
				25BC41EC32677FC16436E271 /* GameTiles in Resources */,
				1DE6B38A67939B16E33B77F5 /* PhIcons.xcassets in Resources */,
				09984436B31A312F4DE55728 /* banner3.jpg in Resources */,
				3DCF4DF8ED3E77A7617D6E76 /* banner4.jpg in Resources */,
			);
			runOnlyForDeploymentPostprocessing = 0;
		};
/* End PBXResourcesBuildPhase section */

/* Begin PBXSourcesBuildPhase section */
		2EEC794CCA91532AB4917755 /* Sources */ = {
			isa = PBXSourcesBuildPhase;
			buildActionMask = 2147483647;
			files = (
				7DEC678F67265F07FEA08B60 /* APIClient.swift in Sources */,
				7C5047652E40EF95CBED6746 /* APIModels.swift in Sources */,
				97B7A592988DD02E168C095B /* AuthManager.swift in Sources */,
				63C4BE80B9CBB9248EC82A11 /* BKIcon.swift in Sources */,
				C600591ACCD2B5B264289204 /* BKPh.swift in Sources */,
				8DFB5F6E7D036B5D0DB29D94 /* BallKnowledgeApp.swift in Sources */,
				D9668C81EED41FE8953CAEF6 /* BlindRankModels.swift in Sources */,
				EE6672A880D715EB249E491C /* BlindRankView.swift in Sources */,
				3CC939A70E375FC3A822B18C /* ClubChainModels.swift in Sources */,
				DF8AC3C3325928807A114128 /* ClubChainView.swift in Sources */,
				E7A1B2C3D4E5F601010101 /* LastManStandingModels.swift in Sources */,
				E7A1B2C3D4E5F601010102 /* LastManStandingSurvivorField.swift in Sources */,
				E7A1B2C3D4E5F601010103 /* LastManStandingView.swift in Sources */,
				E7A1B2C3D4E5F601010104 /* LastManStandingSeed.swift in Sources */,
				E7A1B2C3D4E5F601010105 /* LastManStandingQuestionCard.swift in Sources */,
				E7A1B2C3D4E5F601010106 /* LMSVisualStyle.swift in Sources */,
				E7A1B2C3D4E5F601010107 /* DailyDate.swift in Sources */,
				C4F799AF15D7E8C7423B5C7D /* Config.swift in Sources */,
				3A0297A08B6E104DA7807595 /* DailyChallengeResolver.swift in Sources */,
				046B77DFB3F7062D4E4A64D2 /* DailyPuzzleDTO.swift in Sources */,
				5EC83A87135A943A90837588 /* DraftMasterModels.swift in Sources */,
				2C2E4FD3C28ADA654EB3A632 /* DraftMasterSeed.swift in Sources */,
				C927815C9E77FFA83343967F /* DraftMasterView.swift in Sources */,
				BB89EF3C12F7ECD4664288E9 /* FootballBingoMatcher.swift in Sources */,
				A0DE9140F90AC3DC171E6D59 /* FootballBingoModels.swift in Sources */,
				FEEF00D3BDD7648A935B071D /* FootballBingoSeed.swift in Sources */,
				563F83312F83D02738FBF404 /* FootballBingoView.swift in Sources */,
				88EB84ACFC9E37B94496D15C /* FootballConfettiView.swift in Sources */,
				300BDF850D4652DB4197EAB4 /* FootballGolfAnswerSearch.swift in Sources */,
				6BAB377EEC121B3792C5A625 /* FootballGolfMatcher.swift in Sources */,
				6168F1E7E609660A0F9C2D57 /* FootballGolfModels.swift in Sources */,
				17A34A02185961789C1749C0 /* FootballGolfSeed.swift in Sources */,
				611DE24E9AB1CE22F13BACEA /* FootballGolfView.swift in Sources */,
				040D6FB3EB3E1986507CCB23 /* FootballTowerCatalog.swift in Sources */,
				11D7E72212B439B712EE3A58 /* FootballTowerModels.swift in Sources */,
				0B5B987AADC8C8AA3EA9A987 /* FootballTowerSeed.swift in Sources */,
				460647B5081D7FA601FE9917 /* FootballTowerView.swift in Sources */,
				C72E8932256B8B2315ADDBA4 /* GameEngine.swift in Sources */,
				9589745ED7B8042439D22F23 /* GameIntroView.swift in Sources */,
				988F464045F91747F79679EB /* GameModeCatalog.swift in Sources */,
				A49D0D55AE15A06620BDC53F /* GameModeTileArt.swift in Sources */,
				5BEE19F85576BD840CBA34BD /* GameModels.swift in Sources */,
				6412EB60A91DD2A38FA57E1E /* GameXPBar.swift in Sources */,
				6412EB60A91DD2A38FA57E1F /* GameResultExitBar.swift in Sources */,
				122B4C6CD985D0A176790058 /* GuessWhoView.swift in Sources */,
				D1845DBFB516FA59F5B1FBD8 /* HomeAmbientBackground.swift in Sources */,
				D75B501F091CEFAC1224915A /* HomeView.swift in Sources */,
				A1B2C3D4E5F607182930A1B2 /* DailyCompleteCelebrationView.swift in Sources */,
				374EADD57FF95C3F8EDAADB5 /* KeychainHelper.swift in Sources */,
				663199DF8817713B6AC0881F /* LeagueBadge.swift in Sources */,
				C2224733B19EFB773D885A93 /* MainTabView.swift in Sources */,
				C9E7369241E3ADDCFCDBCE5E /* OfflineCache.swift in Sources */,
				8ED7355BB202C63602F03672 /* OnboardingViews.swift in Sources */,
				3A5E3F293E64A3CD52F3267A /* OneMoreModels.swift in Sources */,
				BF9E576268EC79E948A135A8 /* OneMoreSeed.swift in Sources */,
				36DE29FAF75E3A3B151A4F11 /* OneMoreView.swift in Sources */,
				D739FC3B559DF3DFC1116CE0 /* PlayerSearchResultsList.swift in Sources */,
				ACDCCE9CDEB23BF6D140099A /* PromptDisplay.swift in Sources */,
				ABDD48D48503674D7C41C659 /* SignInWithAppleButtonView.swift in Sources */,
				33782725898B9C7B89AD561E /* StatsModels.swift in Sources */,
				D8CDBBA6E930D2F41717C04E /* TargetManModels.swift in Sources */,
				BE083A2C33245336AD9A486F /* TargetManStats.swift in Sources */,
				9FB86F0EEA7D92139B5A4E28 /* TargetManView.swift in Sources */,
				1CBF05E52D092BB0FC7666DD /* TeamBadge.swift in Sources */,
				B924B06F7D0D5B7D15D25C70 /* Theme.swift in Sources */,
				FA6776AED5C7DA3C6291EA66 /* WorldCupXIModels.swift in Sources */,
				4980EE26E470DD18DCCBE71A /* WorldCupXIView.swift in Sources */,
			);
			runOnlyForDeploymentPostprocessing = 0;
		};
/* End PBXSourcesBuildPhase section */

/* Begin XCBuildConfiguration section */
		01F3D2F7A8398442F33791DA /* Debug */ = {
			isa = XCBuildConfiguration;
			buildSettings = {
				ALWAYS_SEARCH_USER_PATHS = NO;
				CLANG_ANALYZER_NONNULL = YES;
				CLANG_ANALYZER_NUMBER_OBJECT_CONVERSION = YES_AGGRESSIVE;
				CLANG_CXX_LANGUAGE_STANDARD = "gnu++14";
				CLANG_CXX_LIBRARY = "libc++";
				CLANG_ENABLE_MODULES = YES;
				CLANG_ENABLE_OBJC_ARC = YES;
				CLANG_ENABLE_OBJC_WEAK = YES;
				CLANG_WARN_BLOCK_CAPTURE_AUTORELEASING = YES;
				CLANG_WARN_BOOL_CONVERSION = YES;
				CLANG_WARN_COMMA = YES;
				CLANG_WARN_CONSTANT_CONVERSION = YES;
				CLANG_WARN_DEPRECATED_OBJC_IMPLEMENTATIONS = YES;
				CLANG_WARN_DIRECT_OBJC_ISA_USAGE = YES_ERROR;
				CLANG_WARN_DOCUMENTATION_COMMENTS = YES;
				CLANG_WARN_EMPTY_BODY = YES;
				CLANG_WARN_ENUM_CONVERSION = YES;
				CLANG_WARN_INFINITE_RECURSION = YES;
				CLANG_WARN_INT_CONVERSION = YES;
				CLANG_WARN_NON_LITERAL_NULL_CONVERSION = YES;
				CLANG_WARN_OBJC_IMPLICIT_RETAIN_SELF = YES;
				CLANG_WARN_OBJC_LITERAL_CONVERSION = YES;
				CLANG_WARN_OBJC_ROOT_CLASS = YES_ERROR;
				CLANG_WARN_QUOTED_INCLUDE_IN_FRAMEWORK_HEADER = YES;
				CLANG_WARN_RANGE_LOOP_ANALYSIS = YES;
				CLANG_WARN_STRICT_PROTOTYPES = YES;
				CLANG_WARN_SUSPICIOUS_MOVE = YES;
				CLANG_WARN_UNGUARDED_AVAILABILITY = YES_AGGRESSIVE;
				CLANG_WARN_UNREACHABLE_CODE = YES;
				CLANG_WARN__DUPLICATE_METHOD_MATCH = YES;
				COPY_PHASE_STRIP = NO;
				DEBUG_INFORMATION_FORMAT = dwarf;
				ENABLE_STRICT_OBJC_MSGSEND = YES;
				ENABLE_TESTABILITY = YES;
				GCC_C_LANGUAGE_STANDARD = gnu11;
				GCC_DYNAMIC_NO_PIC = NO;
				GCC_NO_COMMON_BLOCKS = YES;
				GCC_OPTIMIZATION_LEVEL = 0;
				GCC_PREPROCESSOR_DEFINITIONS = (
					"$(inherited)",
					"DEBUG=1",
				);
				GCC_WARN_64_TO_32_BIT_CONVERSION = YES;
				GCC_WARN_ABOUT_RETURN_TYPE = YES_ERROR;
				GCC_WARN_UNDECLARED_SELECTOR = YES;
				GCC_WARN_UNINITIALIZED_AUTOS = YES_AGGRESSIVE;
				GCC_WARN_UNUSED_FUNCTION = YES;
				GCC_WARN_UNUSED_VARIABLE = YES;
				INFOPLIST_KEY_NSAppTransportSecurity_NSAllowsLocalNetworking = YES;
				INFOPLIST_KEY_UIApplicationSceneManifest_Generation = YES;
				INFOPLIST_KEY_UILaunchScreen_Generation = YES;
				INFOPLIST_KEY_UISupportedInterfaceOrientations = UIInterfaceOrientationPortrait;
				IPHONEOS_DEPLOYMENT_TARGET = 17.0;
				MTL_ENABLE_DEBUG_INFO = INCLUDE_SOURCE;
				MTL_FAST_MATH = YES;
				ONLY_ACTIVE_ARCH = YES;
				PRODUCT_NAME = "$(TARGET_NAME)";
				SDKROOT = iphoneos;
				SWIFT_ACTIVE_COMPILATION_CONDITIONS = DEBUG;
				SWIFT_OPTIMIZATION_LEVEL = "-Onone";
				SWIFT_VERSION = 5.9;
				TARGETED_DEVICE_FAMILY = 1;
			};
			name = Debug;
		};
		03ABF00B9ACCDC21BAC9A940 /* Debug */ = {
			isa = XCBuildConfiguration;
			buildSettings = {
				ASSETCATALOG_COMPILER_APPICON_NAME = AppIcon;
				CODE_SIGN_ENTITLEMENTS = BallKnowledge/BallKnowledge.entitlements;
				CODE_SIGN_IDENTITY = "iPhone Developer";
				DEVELOPMENT_TEAM = 68TSW4TZH4;
				GENERATE_INFOPLIST_FILE = YES;
				INFOPLIST_KEY_CFBundleDisplayName = "Ball Knowledge";
				LD_RUNPATH_SEARCH_PATHS = (
					"$(inherited)",
					"@executable_path/Frameworks",
				);
				PRODUCT_BUNDLE_IDENTIFIER = com.psounds.ballknowledge;
				SDKROOT = iphoneos;
				TARGETED_DEVICE_FAMILY = "1,2";
			};
			name = Debug;
		};
		09A7491FD1C40B10195E0AC5 /* Release */ = {
			isa = XCBuildConfiguration;
			buildSettings = {
				ALWAYS_SEARCH_USER_PATHS = NO;
				CLANG_ANALYZER_NONNULL = YES;
				CLANG_ANALYZER_NUMBER_OBJECT_CONVERSION = YES_AGGRESSIVE;
				CLANG_CXX_LANGUAGE_STANDARD = "gnu++14";
				CLANG_CXX_LIBRARY = "libc++";
				CLANG_ENABLE_MODULES = YES;
				CLANG_ENABLE_OBJC_ARC = YES;
				CLANG_ENABLE_OBJC_WEAK = YES;
				CLANG_WARN_BLOCK_CAPTURE_AUTORELEASING = YES;
				CLANG_WARN_BOOL_CONVERSION = YES;
				CLANG_WARN_COMMA = YES;
				CLANG_WARN_CONSTANT_CONVERSION = YES;
				CLANG_WARN_DEPRECATED_OBJC_IMPLEMENTATIONS = YES;
				CLANG_WARN_DIRECT_OBJC_ISA_USAGE = YES_ERROR;
				CLANG_WARN_DOCUMENTATION_COMMENTS = YES;
				CLANG_WARN_EMPTY_BODY = YES;
				CLANG_WARN_ENUM_CONVERSION = YES;
				CLANG_WARN_INFINITE_RECURSION = YES;
				CLANG_WARN_INT_CONVERSION = YES;
				CLANG_WARN_NON_LITERAL_NULL_CONVERSION = YES;
				CLANG_WARN_OBJC_IMPLICIT_RETAIN_SELF = YES;
				CLANG_WARN_OBJC_LITERAL_CONVERSION = YES;
				CLANG_WARN_OBJC_ROOT_CLASS = YES_ERROR;
				CLANG_WARN_QUOTED_INCLUDE_IN_FRAMEWORK_HEADER = YES;
				CLANG_WARN_RANGE_LOOP_ANALYSIS = YES;
				CLANG_WARN_STRICT_PROTOTYPES = YES;
				CLANG_WARN_SUSPICIOUS_MOVE = YES;
				CLANG_WARN_UNGUARDED_AVAILABILITY = YES_AGGRESSIVE;
				CLANG_WARN_UNREACHABLE_CODE = YES;
				CLANG_WARN__DUPLICATE_METHOD_MATCH = YES;
				COPY_PHASE_STRIP = NO;
				DEBUG_INFORMATION_FORMAT = "dwarf-with-dsym";
				ENABLE_NS_ASSERTIONS = NO;
				ENABLE_STRICT_OBJC_MSGSEND = YES;
				GCC_C_LANGUAGE_STANDARD = gnu11;
				GCC_NO_COMMON_BLOCKS = YES;
				GCC_WARN_64_TO_32_BIT_CONVERSION = YES;
				GCC_WARN_ABOUT_RETURN_TYPE = YES_ERROR;
				GCC_WARN_UNDECLARED_SELECTOR = YES;
				GCC_WARN_UNINITIALIZED_AUTOS = YES_AGGRESSIVE;
				GCC_WARN_UNUSED_FUNCTION = YES;
				GCC_WARN_UNUSED_VARIABLE = YES;
				INFOPLIST_KEY_NSAppTransportSecurity_NSAllowsLocalNetworking = YES;
				INFOPLIST_KEY_UIApplicationSceneManifest_Generation = YES;
				INFOPLIST_KEY_UILaunchScreen_Generation = YES;
				INFOPLIST_KEY_UISupportedInterfaceOrientations = UIInterfaceOrientationPortrait;
				IPHONEOS_DEPLOYMENT_TARGET = 17.0;
				MTL_ENABLE_DEBUG_INFO = NO;
				MTL_FAST_MATH = YES;
				PRODUCT_NAME = "$(TARGET_NAME)";
				SDKROOT = iphoneos;
				SWIFT_COMPILATION_MODE = wholemodule;
				SWIFT_OPTIMIZATION_LEVEL = "-O";
				SWIFT_VERSION = 5.9;
				TARGETED_DEVICE_FAMILY = 1;
			};
			name = Release;
		};
		D30C1AD1ADB5D7717E170828 /* Release */ = {
			isa = XCBuildConfiguration;
			buildSettings = {
				ASSETCATALOG_COMPILER_APPICON_NAME = AppIcon;
				CODE_SIGN_ENTITLEMENTS = BallKnowledge/BallKnowledge.entitlements;
				CODE_SIGN_IDENTITY = "iPhone Developer";
				DEVELOPMENT_TEAM = 68TSW4TZH4;
				GENERATE_INFOPLIST_FILE = YES;
				INFOPLIST_KEY_CFBundleDisplayName = "Ball Knowledge";
				LD_RUNPATH_SEARCH_PATHS = (
					"$(inherited)",
					"@executable_path/Frameworks",
				);
				PRODUCT_BUNDLE_IDENTIFIER = com.psounds.ballknowledge;
				SDKROOT = iphoneos;
				TARGETED_DEVICE_FAMILY = "1,2";
			};
			name = Release;
		};
/* End XCBuildConfiguration section */

/* Begin XCConfigurationList section */
		07B82F01505FF49B3DBCDEE2 /* Build configuration list for PBXNativeTarget "BallKnowledge" */ = {
			isa = XCConfigurationList;
			buildConfigurations = (
				03ABF00B9ACCDC21BAC9A940 /* Debug */,
				D30C1AD1ADB5D7717E170828 /* Release */,
			);
			defaultConfigurationIsVisible = 0;
			defaultConfigurationName = Debug;
		};
		476ECE76F82A3F53BBD7EB91 /* Build configuration list for PBXProject "BallKnowledge" */ = {
			isa = XCConfigurationList;
			buildConfigurations = (
				01F3D2F7A8398442F33791DA /* Debug */,
				09A7491FD1C40B10195E0AC5 /* Release */,
			);
			defaultConfigurationIsVisible = 0;
			defaultConfigurationName = Debug;
		};
/* End XCConfigurationList section */
	};
	rootObject = 202D85DC5AC88BDB8251C3F3 /* Project object */;
}
